
Microsoft Visual Studio Solution File, Format Version 12.00
# Visual Studio Version 17
VisualStudioVersion = 17.12.35323.107
MinimumVisualStudioVersion = 10.0.40219.1
Project("{FAE04EC0-301F-11D3-BF4B-00C04F79EFBC}") = "TasksApp", "TasksApp\TasksApp.csproj", "{10F8878C-0382-4EE6-892C-9646D4867B8B}"
EndProject
Global
	GlobalSection(SolutionConfigurationPlatforms) = preSolution
		Debug|Any CPU = Debug|Any CPU
		Release|Any CPU = Release|Any CPU
	EndGlobalSection
	GlobalSection(ProjectConfigurationPlatforms) = postSolution
		{10F8878C-0382-4EE6-892C-9646D4867B8B}.Debug|Any CPU.ActiveCfg = Debug|Any CPU
		{10F8878C-0382-4EE6-892C-9646D4867B8B}.Debug|Any CPU.Build.0 = Debug|Any CPU
		{10F8878C-0382-4EE6-892C-9646D4867B8B}.Debug|Any CPU.Deploy.0 = Debug|Any CPU
		{10F8878C-0382-4EE6-892C-9646D4867B8B}.Release|Any CPU.ActiveCfg = Release|Any CPU
		{10F8878C-0382-4EE6-892C-9646D4867B8B}.Release|Any CPU.Build.0 = Release|Any CPU
	EndGlobalSection
	GlobalSection(SolutionProperties) = preSolution
		HideSolutionNode = FALSE
	EndGlobalSection
	GlobalSection(ExtensibilityGlobals) = postSolution
		SolutionGuid = {D1A500BA-76A6-4306-8FF0-81BE051D1007}
	EndGlobalSection
EndGlobal
